
Microsoft Visual Studio Solution File, Format Version 12.00
# Visual Studio Version 17
VisualStudioVersion = 17.6.33829.357
MinimumVisualStudioVersion = 10.0.40219.1
Project("{FAE04EC0-301F-11D3-BF4B-00C04F79EFBC}") = "WebAppBiblioteca", "WebAppBiblioteca\WebAppBiblioteca.csproj", "{A2C997B5-6FF4-409F-99EE-590F465F2909}"
EndProject
Project("{2150E333-8FDC-42A3-9474-1A3956D46DE8}") = "1.UI", "1.UI", "{0950646A-2E97-40AE-B01D-0108EA79D8E0}"
EndProject
Project("{2150E333-8FDC-42A3-9474-1A3956D46DE8}") = "2.NEGOCIO", "2.NEGOCIO", "{FA5CCD10-D759-4148-83BC-9937555AD802}"
EndProject
Project("{2150E333-8FDC-42A3-9474-1A3956D46DE8}") = "3.DATOS", "3.DATOS", "{1D308658-9A59-474E-B760-E8C059F92CAA}"
EndProject
Project("{FAE04EC0-301F-11D3-BF4B-00C04F79EFBC}") = "Datos", "Datos\Datos.csproj", "{E879B102-9335-4522-A227-F2396ECC5AA9}"
EndProject
Project("{FAE04EC0-301F-11D3-BF4B-00C04F79EFBC}") = "Negocio", "Negocio\Negocio.csproj", "{EB0B90DE-C57F-404E-B161-24C0E7AB288F}"
EndProject
Project("{FAE04EC0-301F-11D3-BF4B-00C04F79EFBC}") = "Entidades", "Entidades\Entidades.csproj", "{E3D8E0DB-24F2-4D2C-8CE6-570C0B22EBF0}"
EndProject
Global
	GlobalSection(SolutionConfigurationPlatforms) = preSolution
		Debug|Any CPU = Debug|Any CPU
		Release|Any CPU = Release|Any CPU
	EndGlobalSection
	GlobalSection(ProjectConfigurationPlatforms) = postSolution
		{A2C997B5-6FF4-409F-99EE-590F465F2909}.Debug|Any CPU.ActiveCfg = Debug|Any CPU
		{A2C997B5-6FF4-409F-99EE-590F465F2909}.Debug|Any CPU.Build.0 = Debug|Any CPU
		{A2C997B5-6FF4-409F-99EE-590F465F2909}.Release|Any CPU.ActiveCfg = Release|Any CPU
		{A2C997B5-6FF4-409F-99EE-590F465F2909}.Release|Any CPU.Build.0 = Release|Any CPU
		{E879B102-9335-4522-A227-F2396ECC5AA9}.Debug|Any CPU.ActiveCfg = Debug|Any CPU
		{E879B102-9335-4522-A227-F2396ECC5AA9}.Debug|Any CPU.Build.0 = Debug|Any CPU
		{E879B102-9335-4522-A227-F2396ECC5AA9}.Release|Any CPU.ActiveCfg = Release|Any CPU
		{E879B102-9335-4522-A227-F2396ECC5AA9}.Release|Any CPU.Build.0 = Release|Any CPU
		{EB0B90DE-C57F-404E-B161-24C0E7AB288F}.Debug|Any CPU.ActiveCfg = Debug|Any CPU
		{EB0B90DE-C57F-404E-B161-24C0E7AB288F}.Debug|Any CPU.Build.0 = Debug|Any CPU
		{EB0B90DE-C57F-404E-B161-24C0E7AB288F}.Release|Any CPU.ActiveCfg = Release|Any CPU
		{EB0B90DE-C57F-404E-B161-24C0E7AB288F}.Release|Any CPU.Build.0 = Release|Any CPU
		{E3D8E0DB-24F2-4D2C-8CE6-570C0B22EBF0}.Debug|Any CPU.ActiveCfg = Debug|Any CPU
		{E3D8E0DB-24F2-4D2C-8CE6-570C0B22EBF0}.Debug|Any CPU.Build.0 = Debug|Any CPU
		{E3D8E0DB-24F2-4D2C-8CE6-570C0B22EBF0}.Release|Any CPU.ActiveCfg = Release|Any CPU
		{E3D8E0DB-24F2-4D2C-8CE6-570C0B22EBF0}.Release|Any CPU.Build.0 = Release|Any CPU
	EndGlobalSection
	GlobalSection(SolutionProperties) = preSolution
		HideSolutionNode = FALSE
	EndGlobalSection
	GlobalSection(NestedProjects) = preSolution
		{A2C997B5-6FF4-409F-99EE-590F465F2909} = {0950646A-2E97-40AE-B01D-0108EA79D8E0}
		{E879B102-9335-4522-A227-F2396ECC5AA9} = {1D308658-9A59-474E-B760-E8C059F92CAA}
		{EB0B90DE-C57F-404E-B161-24C0E7AB288F} = {FA5CCD10-D759-4148-83BC-9937555AD802}
		{E3D8E0DB-24F2-4D2C-8CE6-570C0B22EBF0} = {FA5CCD10-D759-4148-83BC-9937555AD802}
	EndGlobalSection
	GlobalSection(ExtensibilityGlobals) = postSolution
		SolutionGuid = {51DC74B7-3973-4C18-AF68-2B08C935A0B9}
	EndGlobalSection
EndGlobal
